github.com/PlayerR9/MyGoLib v0.3.39 h1:N7LiTtIgW888NRLc7+w8kX/J5ms819AhdzGkLGdpJ8s=
github.com/PlayerR9/MyGoLib v0.3.39/go.mod h1:LH3B5Ohx/7jL599VpeuaC0UrseOpPzEMuBSGIY7ZB6Q=
github.com/PlayerR9/MyGoLib v0.4.0 h1:Pk6BBJURTjzDAXKAmp8yuHYInrPOu5sLTlo+nNVhl8Y=
github.com/PlayerR9/MyGoLib v0.4.0/go.mod h1:LH3B5Ohx/7jL599VpeuaC0UrseOpPzEMuBSGIY7ZB6Q=
