github.com/PlayerR9/MyGoLib v0.4.2 h1:4SqUpEzyQCdOpdtuM1wC+1wJEAYgb8RrBmIYuPyn2to=
github.com/PlayerR9/MyGoLib v0.4.2/go.mod h1:LH3B5Ohx/7jL599VpeuaC0UrseOpPzEMuBSGIY7ZB6Q=
github.com/PlayerR9/MyGoLib v0.4.3 h1:iCR+1TAITltb1pWR1BLyNLzArHrfo7xdyL7tDPjZjbI=
github.com/PlayerR9/MyGoLib v0.4.3/go.mod h1:KosnXjviGS+DI9I5/NqQSZ8dFW+6vJkDgD5S9ER9sPo=
github.com/PlayerR9/go_generator v0.1.0 h1:lVTn0qKY7biGdrJqWZt7cs7kMc6vaJhKh17Igp5jTJ8=
github.com/PlayerR9/go_generator v0.1.0/go.mod h1:vyspZOwrWqYqoM83MFkszm+yuqUnKVc/ZHqOaxSXGbI=
